
Microsoft Visual Studio Solution File, Format Version 12.00
# Visual Studio Version 17
VisualStudioVersion = 17.2.32616.157
MinimumVisualStudioVersion = 10.0.40219.1
Project("{FAE04EC0-301F-11D3-BF4B-00C04F79EFBC}") = "Atividades .NET", "Atividades .NET\Atividades .NET.csproj", "{6992A7A8-1622-449A-947D-845B3F91CA15}"
EndProject
Global
	GlobalSection(SolutionConfigurationPlatforms) = preSolution
		Debug|Any CPU = Debug|Any CPU
		Release|Any CPU = Release|Any CPU
	EndGlobalSection
	GlobalSection(ProjectConfigurationPlatforms) = postSolution
		{6992A7A8-1622-449A-947D-845B3F91CA15}.Debug|Any CPU.ActiveCfg = Debug|Any CPU
		{6992A7A8-1622-449A-947D-845B3F91CA15}.Debug|Any CPU.Build.0 = Debug|Any CPU
		{6992A7A8-1622-449A-947D-845B3F91CA15}.Release|Any CPU.ActiveCfg = Release|Any CPU
		{6992A7A8-1622-449A-947D-845B3F91CA15}.Release|Any CPU.Build.0 = Release|Any CPU
	EndGlobalSection
	GlobalSection(SolutionProperties) = preSolution
		HideSolutionNode = FALSE
	EndGlobalSection
	GlobalSection(ExtensibilityGlobals) = postSolution
		SolutionGuid = {4950B0B9-4B3B-41EE-BBD3-B3D61E757B14}
	EndGlobalSection
EndGlobal
